
Microsoft Visual Studio Solution File, Format Version 12.00
# TcXaeShell Solution File, Format Version 11.00
VisualStudioVersion = 15.0.34829.251
MinimumVisualStudioVersion = 10.0.40219.1
Project("{B1E792BE-AA5F-4E3C-8C82-674BF9C0715B}") = "PalletLift12", "PalletLift12\PalletLift12.tsproj", "{805AEE59-A063-45E4-9489-B74BEF5A868F}"
EndProject
Global
	GlobalSection(SolutionConfigurationPlatforms) = preSolution
		Debug|TwinCAT OS (ARMV7-A) = Debug|TwinCAT OS (ARMV7-A)
		Debug|TwinCAT OS (ARMV7-M) = Debug|TwinCAT OS (ARMV7-M)
		Debug|TwinCAT OS (ARMV8-A) = Debug|TwinCAT OS (ARMV8-A)
		Debug|TwinCAT OS (x64) = Debug|TwinCAT OS (x64)
		Debug|TwinCAT RT (x64) = Debug|TwinCAT RT (x64)
		Debug|TwinCAT RT (x86) = Debug|TwinCAT RT (x86)
		Release|TwinCAT OS (ARMV7-A) = Release|TwinCAT OS (ARMV7-A)
		Release|TwinCAT OS (ARMV7-M) = Release|TwinCAT OS (ARMV7-M)
		Release|TwinCAT OS (ARMV8-A) = Release|TwinCAT OS (ARMV8-A)
		Release|TwinCAT OS (x64) = Release|TwinCAT OS (x64)
		Release|TwinCAT RT (x64) = Release|TwinCAT RT (x64)
		Release|TwinCAT RT (x86) = Release|TwinCAT RT (x86)
	EndGlobalSection
	GlobalSection(ProjectConfigurationPlatforms) = postSolution
		{805AEE59-A063-45E4-9489-B74BEF5A868F}.Debug|TwinCAT OS (ARMV7-A).ActiveCfg = Debug|TwinCAT OS (ARMV7-A)
		{805AEE59-A063-45E4-9489-B74BEF5A868F}.Debug|TwinCAT OS (ARMV7-A).Build.0 = Debug|TwinCAT OS (ARMV7-A)
		{805AEE59-A063-45E4-9489-B74BEF5A868F}.Debug|TwinCAT OS (ARMV7-M).ActiveCfg = Debug|TwinCAT OS (ARMV7-M)
		{805AEE59-A063-45E4-9489-B74BEF5A868F}.Debug|TwinCAT OS (ARMV7-M).Build.0 = Debug|TwinCAT OS (ARMV7-M)
		{805AEE59-A063-45E4-9489-B74BEF5A868F}.Debug|TwinCAT OS (ARMV8-A).ActiveCfg = Debug|TwinCAT OS (ARMV8-A)
		{805AEE59-A063-45E4-9489-B74BEF5A868F}.Debug|TwinCAT OS (ARMV8-A).Build.0 = Debug|TwinCAT OS (ARMV8-A)
		{805AEE59-A063-45E4-9489-B74BEF5A868F}.Debug|TwinCAT OS (x64).ActiveCfg = Debug|TwinCAT OS (x64)
		{805AEE59-A063-45E4-9489-B74BEF5A868F}.Debug|TwinCAT OS (x64).Build.0 = Debug|TwinCAT OS (x64)
		{805AEE59-A063-45E4-9489-B74BEF5A868F}.Debug|TwinCAT RT (x64).ActiveCfg = Debug|TwinCAT RT (x64)
		{805AEE59-A063-45E4-9489-B74BEF5A868F}.Debug|TwinCAT RT (x64).Build.0 = Debug|TwinCAT RT (x64)
		{805AEE59-A063-45E4-9489-B74BEF5A868F}.Debug|TwinCAT RT (x86).ActiveCfg = Debug|TwinCAT RT (x86)
		{805AEE59-A063-45E4-9489-B74BEF5A868F}.Debug|TwinCAT RT (x86).Build.0 = Debug|TwinCAT RT (x86)
		{805AEE59-A063-45E4-9489-B74BEF5A868F}.Release|TwinCAT OS (ARMV7-A).ActiveCfg = Release|TwinCAT OS (ARMV7-A)
		{805AEE59-A063-45E4-9489-B74BEF5A868F}.Release|TwinCAT OS (ARMV7-A).Build.0 = Release|TwinCAT OS (ARMV7-A)
		{805AEE59-A063-45E4-9489-B74BEF5A868F}.Release|TwinCAT OS (ARMV7-M).ActiveCfg = Release|TwinCAT OS (ARMV7-M)
		{805AEE59-A063-45E4-9489-B74BEF5A868F}.Release|TwinCAT OS (ARMV7-M).Build.0 = Release|TwinCAT OS (ARMV7-M)
		{805AEE59-A063-45E4-9489-B74BEF5A868F}.Release|TwinCAT OS (ARMV8-A).ActiveCfg = Release|TwinCAT OS (ARMV8-A)
		{805AEE59-A063-45E4-9489-B74BEF5A868F}.Release|TwinCAT OS (ARMV8-A).Build.0 = Release|TwinCAT OS (ARMV8-A)
		{805AEE59-A063-45E4-9489-B74BEF5A868F}.Release|TwinCAT OS (x64).ActiveCfg = Release|TwinCAT OS (x64)
		{805AEE59-A063-45E4-9489-B74BEF5A868F}.Release|TwinCAT OS (x64).Build.0 = Release|TwinCAT OS (x64)
		{805AEE59-A063-45E4-9489-B74BEF5A868F}.Release|TwinCAT RT (x64).ActiveCfg = Release|TwinCAT RT (x64)
		{805AEE59-A063-45E4-9489-B74BEF5A868F}.Release|TwinCAT RT (x64).Build.0 = Release|TwinCAT RT (x64)
		{805AEE59-A063-45E4-9489-B74BEF5A868F}.Release|TwinCAT RT (x86).ActiveCfg = Release|TwinCAT RT (x86)
		{805AEE59-A063-45E4-9489-B74BEF5A868F}.Release|TwinCAT RT (x86).Build.0 = Release|TwinCAT RT (x86)
		{B32D3DC4-1048-44E0-8571-05AC08BA61F4}.Debug|TwinCAT OS (ARMV7-A).ActiveCfg = Debug|TwinCAT OS (ARMV7-A)
		{B32D3DC4-1048-44E0-8571-05AC08BA61F4}.Debug|TwinCAT OS (ARMV7-A).Build.0 = Debug|TwinCAT OS (ARMV7-A)
		{B32D3DC4-1048-44E0-8571-05AC08BA61F4}.Debug|TwinCAT OS (ARMV7-M).ActiveCfg = Debug|TwinCAT OS (ARMV7-M)
		{B32D3DC4-1048-44E0-8571-05AC08BA61F4}.Debug|TwinCAT OS (ARMV7-M).Build.0 = Debug|TwinCAT OS (ARMV7-M)
		{B32D3DC4-1048-44E0-8571-05AC08BA61F4}.Debug|TwinCAT OS (ARMV8-A).ActiveCfg = Debug|TwinCAT OS (ARMV8-A)
		{B32D3DC4-1048-44E0-8571-05AC08BA61F4}.Debug|TwinCAT OS (ARMV8-A).Build.0 = Debug|TwinCAT OS (ARMV8-A)
		{B32D3DC4-1048-44E0-8571-05AC08BA61F4}.Debug|TwinCAT OS (x64).ActiveCfg = Debug|TwinCAT OS (x64)
		{B32D3DC4-1048-44E0-8571-05AC08BA61F4}.Debug|TwinCAT OS (x64).Build.0 = Debug|TwinCAT OS (x64)
		{B32D3DC4-1048-44E0-8571-05AC08BA61F4}.Debug|TwinCAT RT (x64).ActiveCfg = Debug|TwinCAT RT (x64)
		{B32D3DC4-1048-44E0-8571-05AC08BA61F4}.Debug|TwinCAT RT (x64).Build.0 = Debug|TwinCAT RT (x64)
		{B32D3DC4-1048-44E0-8571-05AC08BA61F4}.Debug|TwinCAT RT (x86).ActiveCfg = Debug|TwinCAT RT (x86)
		{B32D3DC4-1048-44E0-8571-05AC08BA61F4}.Debug|TwinCAT RT (x86).Build.0 = Debug|TwinCAT RT (x86)
		{B32D3DC4-1048-44E0-8571-05AC08BA61F4}.Release|TwinCAT OS (ARMV7-A).ActiveCfg = Release|TwinCAT OS (ARMV7-A)
		{B32D3DC4-1048-44E0-8571-05AC08BA61F4}.Release|TwinCAT OS (ARMV7-A).Build.0 = Release|TwinCAT OS (ARMV7-A)
		{B32D3DC4-1048-44E0-8571-05AC08BA61F4}.Release|TwinCAT OS (ARMV7-M).ActiveCfg = Release|TwinCAT OS (ARMV7-M)
		{B32D3DC4-1048-44E0-8571-05AC08BA61F4}.Release|TwinCAT OS (ARMV7-M).Build.0 = Release|TwinCAT OS (ARMV7-M)
		{B32D3DC4-1048-44E0-8571-05AC08BA61F4}.Release|TwinCAT OS (ARMV8-A).ActiveCfg = Release|TwinCAT OS (ARMV8-A)
		{B32D3DC4-1048-44E0-8571-05AC08BA61F4}.Release|TwinCAT OS (ARMV8-A).Build.0 = Release|TwinCAT OS (ARMV8-A)
		{B32D3DC4-1048-44E0-8571-05AC08BA61F4}.Release|TwinCAT OS (x64).ActiveCfg = Release|TwinCAT OS (x64)
		{B32D3DC4-1048-44E0-8571-05AC08BA61F4}.Release|TwinCAT OS (x64).Build.0 = Release|TwinCAT OS (x64)
		{B32D3DC4-1048-44E0-8571-05AC08BA61F4}.Release|TwinCAT RT (x64).ActiveCfg = Release|TwinCAT RT (x64)
		{B32D3DC4-1048-44E0-8571-05AC08BA61F4}.Release|TwinCAT RT (x64).Build.0 = Release|TwinCAT RT (x64)
		{B32D3DC4-1048-44E0-8571-05AC08BA61F4}.Release|TwinCAT RT (x86).ActiveCfg = Release|TwinCAT RT (x86)
		{B32D3DC4-1048-44E0-8571-05AC08BA61F4}.Release|TwinCAT RT (x86).Build.0 = Release|TwinCAT RT (x86)
	EndGlobalSection
	GlobalSection(SolutionProperties) = preSolution
		HideSolutionNode = FALSE
	EndGlobalSection
	GlobalSection(ExtensibilityGlobals) = postSolution
		SolutionGuid = {F087D2FB-0468-4207-8FAC-5978E0DA1C6A}
	EndGlobalSection
EndGlobal
